// !$*UTF8*$!
{
	archiveVersion = 1;
	classes = {
	};
	objectVersion = 48;
	objects = {

/* Begin PBXBuildFile section */
		0D216E10200EE59E00223085 /* proj.storyboard in Resources */ = {isa = PBXBuildFile; fileRef = 0D216E0F200EE59E00223085 /* proj.storyboard */; };
		0D79EB23200EC8B60046D8DD /* AppDelegate.swift in Sources */ = {isa = PBXBuildFile; fileRef = 0D79EB22200EC8B60046D8DD /* AppDelegate.swift */; };
		0D79EB25200EC8B60046D8DD /* ViewController.swift in Sources */ = {isa = PBXBuildFile; fileRef = 0D79EB24200EC8B60046D8DD /* ViewController.swift */; };
		0D79EB28200EC8B60046D8DD /* Main.storyboard in Resources */ = {isa = PBXBuildFile; fileRef = 0D79EB26200EC8B60046D8DD /* Main.storyboard */; };
		0D79EB2A200EC8B60046D8DD /* Assets.xcassets in Resources */ = {isa = PBXBuildFile; fileRef = 0D79EB29200EC8B60046D8DD /* Assets.xcassets */; };
		0D79EB2D200EC8B60046D8DD /* LaunchScreen.storyboard in Resources */ = {isa = PBXBuildFile; fileRef = 0D79EB2B200EC8B60046D8DD /* LaunchScreen.storyboard */; };
		0D79EB38200EC8B70046D8DD /* Codepath_projectTests.swift in Sources */ = {isa = PBXBuildFile; fileRef = 0D79EB37200EC8B70046D8DD /* Codepath_projectTests.swift */; };
		0D79EB43200EC8B70046D8DD /* Codepath_projectUITests.swift in Sources */ = {isa = PBXBuildFile; fileRef = 0D79EB42200EC8B70046D8DD /* Codepath_projectUITests.swift */; };
/* End PBXBuildFile section */

/* Begin PBXContainerItemProxy section */
		0D79EB34200EC8B70046D8DD /* PBXContainerItemProxy */ = {
			isa = PBXContainerItemProxy;
			containerPortal = 0D79EB17200EC8B60046D8DD /* Project object */;
			proxyType = 1;
			remoteGlobalIDString = 0D79EB1E200EC8B60046D8DD;
			remoteInfo = "Codepath project";
		};
		0D79EB3F200EC8B70046D8DD /* PBXContainerItemProxy */ = {
			isa = PBXContainerItemProxy;
			containerPortal = 0D79EB17200EC8B60046D8DD /* Project object */;
			proxyType = 1;
			remoteGlobalIDString = 0D79EB1E200EC8B60046D8DD;
			remoteInfo = "Codepath project";
		};
/* End PBXContainerItemProxy section */

/* Begin PBXFileReference section */
		0D216E0F200EE59E00223085 /* proj.storyboard */ = {isa = PBXFileReference; fileEncoding = 4; lastKnownFileType = file.storyboard; name = proj.storyboard; path = ../proj.storyboard; sourceTree = "<group>"; };
		0D79EB1F200EC8B60046D8DD /* Codepath project.app */ = {isa = PBXFileReference; explicitFileType = wrapper.application; includeInIndex = 0; path = "Codepath project.app"; sourceTree = BUILT_PRODUCTS_DIR; };
		0D79EB22200EC8B60046D8DD /* AppDelegate.swift */ = {isa = PBXFileReference; lastKnownFileType = sourcecode.swift; path = AppDelegate.swift; sourceTree = "<group>"; };
		0D79EB24200EC8B60046D8DD /* ViewController.swift */ = {isa = PBXFileReference; lastKnownFileType = sourcecode.swift; path = ViewController.swift; sourceTree = "<group>"; };
		0D79EB27200EC8B60046D8DD /* Base */ = {isa = PBXFileReference; lastKnownFileType = file.storyboard; name = Base; path = Base.lproj/Main.storyboard; sourceTree = "<group>"; };
		0D79EB29200EC8B60046D8DD /* Assets.xcassets */ = {isa = PBXFileReference; lastKnownFileType = folder.assetcatalog; path = Assets.xcassets; sourceTree = "<group>"; };
		0D79EB2C200EC8B60046D8DD /* Base */ = {isa = PBXFileReference; lastKnownFileType = file.storyboard; name = Base; path = Base.lproj/LaunchScreen.storyboard; sourceTree = "<group>"; };
		0D79EB2E200EC8B60046D8DD /* Info.plist */ = {isa = PBXFileReference; lastKnownFileType = text.plist.xml; path = Info.plist; sourceTree = "<group>"; };
		0D79EB33200EC8B70046D8DD /* Codepath projectTests.xctest */ = {isa = PBXFileReference; explicitFileType = wrapper.cfbundle; includeInIndex = 0; path = "Codepath projectTests.xctest"; sourceTree = BUILT_PRODUCTS_DIR; };
		0D79EB37200EC8B70046D8DD /* Codepath_projectTests.swift */ = {isa = PBXFileReference; lastKnownFileType = sourcecode.swift; path = Codepath_projectTests.swift; sourceTree = "<group>"; };
		0D79EB39200EC8B70046D8DD /* Info.plist */ = {isa = PBXFileReference; lastKnownFileType = text.plist.xml; path = Info.plist; sourceTree = "<group>"; };
		0D79EB3E200EC8B70046D8DD /* Codepath projectUITests.xctest */ = {isa = PBXFileReference; explicitFileType = wrapper.cfbundle; includeInIndex = 0; path = "Codepath projectUITests.xctest"; sourceTree = BUILT_PRODUCTS_DIR; };
		0D79EB42200EC8B70046D8DD /* Codepath_projectUITests.swift */ = {isa = PBXFileReference; lastKnownFileType = sourcecode.swift; path = Codepath_projectUITests.swift; sourceTree = "<group>"; };
		0D79EB44200EC8B70046D8DD /* Info.plist */ = {isa = PBXFileReference; lastKnownFileType = text.plist.xml; path = Info.plist; sourceTree = "<group>"; };
/* End PBXFileReference section */

/* Begin PBXFrameworksBuildPhase section */
		0D79EB1C200EC8B60046D8DD /* Frameworks */ = {
			isa = PBXFrameworksBuildPhase;
			buildActionMask = 2147483647;
			files = (
			);
			runOnlyForDeploymentPostprocessing = 0;
		};
		0D79EB30200EC8B70046D8DD /* Frameworks */ = {
			isa = PBXFrameworksBuildPhase;
			buildActionMask = 2147483647;
			files = (
			);
			runOnlyForDeploymentPostprocessing = 0;
		};
		0D79EB3B200EC8B70046D8DD /* Frameworks */ = {
			isa = PBXFrameworksBuildPhase;
			buildActionMask = 2147483647;
			files = (
			);
			runOnlyForDeploymentPostprocessing = 0;
		};
/* End PBXFrameworksBuildPhase section */

/* Begin PBXGroup section */
		0D79EB16200EC8B60046D8DD = {
			isa = PBXGroup;
			children = (
				0D216E0F200EE59E00223085 /* proj.storyboard */,
				0D79EB21200EC8B60046D8DD /* Codepath project */,
				0D79EB36200EC8B70046D8DD /* Codepath projectTests */,
				0D79EB41200EC8B70046D8DD /* Codepath projectUITests */,
				0D79EB20200EC8B60046D8DD /* Products */,
			);
			sourceTree = "<group>";
		};
		0D79EB20200EC8B60046D8DD /* Products */ = {
			isa = PBXGroup;
			children = (
				0D79EB1F200EC8B60046D8DD /* Codepath project.app */,
				0D79EB33200EC8B70046D8DD /* Codepath projectTests.xctest */,
				0D79EB3E200EC8B70046D8DD /* Codepath projectUITests.xctest */,
			);
			name = Products;
			sourceTree = "<group>";
		};
		0D79EB21200EC8B60046D8DD /* Codepath project */ = {
			isa = PBXGroup;
			children = (
				0D79EB22200EC8B60046D8DD /* AppDelegate.swift */,
				0D79EB24200EC8B60046D8DD /* ViewController.swift */,
				0D79EB26200EC8B60046D8DD /* Main.storyboard */,
				0D79EB29200EC8B60046D8DD /* Assets.xcassets */,
				0D79EB2B200EC8B60046D8DD /* LaunchScreen.storyboard */,
				0D79EB2E200EC8B60046D8DD /* Info.plist */,
			);
			path = "Codepath project";
			sourceTree = "<group>";
		};
		0D79EB36200EC8B70046D8DD /* Codepath projectTests */ = {
			isa = PBXGroup;
			children = (
				0D79EB37200EC8B70046D8DD /* Codepath_projectTests.swift */,
				0D79EB39200EC8B70046D8DD /* Info.plist */,
			);
			path = "Codepath projectTests";
			sourceTree = "<group>";
		};
		0D79EB41200EC8B70046D8DD /* Codepath projectUITests */ = {
			isa = PBXGroup;
			children = (
				0D79EB42200EC8B70046D8DD /* Codepath_projectUITests.swift */,
				0D79EB44200EC8B70046D8DD /* Info.plist */,
			);
			path = "Codepath projectUITests";
			sourceTree = "<group>";
		};
/* End PBXGroup section */

/* Begin PBXNativeTarget section */
		0D79EB1E200EC8B60046D8DD /* Codepath project */ = {
			isa = PBXNativeTarget;
			buildConfigurationList = 0D79EB47200EC8B70046D8DD /* Build configuration list for PBXNativeTarget "Codepath project" */;
			buildPhases = (
				0D79EB1B200EC8B60046D8DD /* Sources */,
				0D79EB1C200EC8B60046D8DD /* Frameworks */,
				0D79EB1D200EC8B60046D8DD /* Resources */,
			);
			buildRules = (
			);
			dependencies = (
			);
			name = "Codepath project";
			productName = "Codepath project";
			productReference = 0D79EB1F200EC8B60046D8DD /* Codepath project.app */;
			productType = "com.apple.product-type.application";
		};
		0D79EB32200EC8B70046D8DD /* Codepath projectTests */ = {
			isa = PBXNativeTarget;
			buildConfigurationList = 0D79EB4A200EC8B70046D8DD /* Build configuration list for PBXNativeTarget "Codepath projectTests" */;
			buildPhases = (
				0D79EB2F200EC8B70046D8DD /* Sources */,
				0D79EB30200EC8B70046D8DD /* Frameworks */,
				0D79EB31200EC8B70046D8DD /* Resources */,
			);
			buildRules = (
			);
			dependencies = (
				0D79EB35200EC8B70046D8DD /* PBXTargetDependency */,
			);
			name = "Codepath projectTests";
			productName = "Codepath projectTests";
			productReference = 0D79EB33200EC8B70046D8DD /* Codepath projectTests.xctest */;
			productType = "com.apple.product-type.bundle.unit-test";
		};
		0D79EB3D200EC8B70046D8DD /* Codepath projectUITests */ = {
			isa = PBXNativeTarget;
			buildConfigurationList = 0D79EB4D200EC8B70046D8DD /* Build configuration list for PBXNativeTarget "Codepath projectUITests" */;
			buildPhases = (
				0D79EB3A200EC8B70046D8DD /* Sources */,
				0D79EB3B200EC8B70046D8DD /* Frameworks */,
				0D79EB3C200EC8B70046D8DD /* Resources */,
			);
			buildRules = (
			);
			dependencies = (
				0D79EB40200EC8B70046D8DD /* PBXTargetDependency */,
			);
			name = "Codepath projectUITests";
			productName = "Codepath projectUITests";
			productReference = 0D79EB3E200EC8B70046D8DD /* Codepath projectUITests.xctest */;
			productType = "com.apple.product-type.bundle.ui-testing";
		};
/* End PBXNativeTarget section */

/* Begin PBXProject section */
		0D79EB17200EC8B60046D8DD /* Project object */ = {
			isa = PBXProject;
			attributes = {
				LastSwiftUpdateCheck = 0920;
				LastUpgradeCheck = 0920;
				ORGANIZATIONNAME = "Nicole  Steele";
				TargetAttributes = {
					0D79EB1E200EC8B60046D8DD = {
						CreatedOnToolsVersion = 9.2;
						ProvisioningStyle = Automatic;
					};
					0D79EB32200EC8B70046D8DD = {
						CreatedOnToolsVersion = 9.2;
						ProvisioningStyle = Automatic;
						TestTargetID = 0D79EB1E200EC8B60046D8DD;
					};
					0D79EB3D200EC8B70046D8DD = {
						CreatedOnToolsVersion = 9.2;
						ProvisioningStyle = Automatic;
						TestTargetID = 0D79EB1E200EC8B60046D8DD;
					};
				};
			};
			buildConfigurationList = 0D79EB1A200EC8B60046D8DD /* Build configuration list for PBXProject "Codepath project" */;
			compatibilityVersion = "Xcode 8.0";
			developmentRegion = en;
			hasScannedForEncodings = 0;
			knownRegions = (
				en,
				Base,
			);
			mainGroup = 0D79EB16200EC8B60046D8DD;
			productRefGroup = 0D79EB20200EC8B60046D8DD /* Products */;
			projectDirPath = "";
			projectRoot = "";
			targets = (
				0D79EB1E200EC8B60046D8DD /* Codepath project */,
				0D79EB32200EC8B70046D8DD /* Codepath projectTests */,
				0D79EB3D200EC8B70046D8DD /* Codepath projectUITests */,
			);
		};
/* End PBXProject section */

/* Begin PBXResourcesBuildPhase section */
		0D79EB1D200EC8B60046D8DD /* Resources */ = {
			isa = PBXResourcesBuildPhase;
			buildActionMask = 2147483647;
			files = (
				0D79EB2D200EC8B60046D8DD /* LaunchScreen.storyboard in Resources */,
				0D216E10200EE59E00223085 /* proj.storyboard in Resources */,
				0D79EB2A200EC8B60046D8DD /* Assets.xcassets in Resources */,
				0D79EB28200EC8B60046D8DD /* Main.storyboard in Resources */,
			);
			runOnlyForDeploymentPostprocessing = 0;
		};
		0D79EB31200EC8B70046D8DD /* Resources */ = {
			isa = PBXResourcesBuildPhase;
			buildActionMask = 2147483647;
			files = (
			);
			runOnlyForDeploymentPostprocessing = 0;
		};
		0D79EB3C200EC8B70046D8DD /* Resources */ = {
			isa = PBXResourcesBuildPhase;
			buildActionMask = 2147483647;
			files = (
			);
			runOnlyForDeploymentPostprocessing = 0;
		};
/* End PBXResourcesBuildPhase section */

/* Begin PBXSourcesBuildPhase section */
		0D79EB1B200EC8B60046D8DD /* Sources */ = {
			isa = PBXSourcesBuildPhase;
			buildActionMask = 2147483647;
			files = (
				0D79EB25200EC8B60046D8DD /* ViewController.swift in Sources */,
				0D79EB23200EC8B60046D8DD /* AppDelegate.swift in Sources */,
			);
			runOnlyForDeploymentPostprocessing = 0;
		};
		0D79EB2F200EC8B70046D8DD /* Sources */ = {
			isa = PBXSourcesBuildPhase;
			buildActionMask = 2147483647;
			files = (
				0D79EB38200EC8B70046D8DD /* Codepath_projectTests.swift in Sources */,
			);
			runOnlyForDeploymentPostprocessing = 0;
		};
		0D79EB3A200EC8B70046D8DD /* Sources */ = {
			isa = PBXSourcesBuildPhase;
			buildActionMask = 2147483647;
			files = (
				0D79EB43200EC8B70046D8DD /* Codepath_projectUITests.swift in Sources */,
			);
			runOnlyForDeploymentPostprocessing = 0;
		};
/* End PBXSourcesBuildPhase section */

/* Begin PBXTargetDependency section */
		0D79EB35200EC8B70046D8DD /* PBXTargetDependency */ = {
			isa = PBXTargetDependency;
			target = 0D79EB1E200EC8B60046D8DD /* Codepath project */;
			targetProxy = 0D79EB34200EC8B70046D8DD /* PBXContainerItemProxy */;
		};
		0D79EB40200EC8B70046D8DD /* PBXTargetDependency */ = {
			isa = PBXTargetDependency;
			target = 0D79EB1E200EC8B60046D8DD /* Codepath project */;
			targetProxy = 0D79EB3F200EC8B70046D8DD /* PBXContainerItemProxy */;
		};
/* End PBXTargetDependency section */

/* Begin PBXVariantGroup section */
		0D79EB26200EC8B60046D8DD /* Main.storyboard */ = {
			isa = PBXVariantGroup;
			children = (
				0D79EB27200EC8B60046D8DD /* Base */,
			);
			name = Main.storyboard;
			sourceTree = "<group>";
		};
		0D79EB2B200EC8B60046D8DD /* LaunchScreen.storyboard */ = {
			isa = PBXVariantGroup;
			children = (
				0D79EB2C200EC8B60046D8DD /* Base */,
			);
			name = LaunchScreen.storyboard;
			sourceTree = "<group>";
		};
/* End PBXVariantGroup section */

/* Begin XCBuildConfiguration section */
		0D79EB45200EC8B70046D8DD /* Debug */ = {
			isa = XCBuildConfiguration;
			buildSettings = {
				ALWAYS_SEARCH_USER_PATHS = NO;
				CLANG_ANALYZER_NONNULL = YES;
				CLANG_ANALYZER_NUMBER_OBJECT_CONVERSION = YES_AGGRESSIVE;
				CLANG_CXX_LANGUAGE_STANDARD = "gnu++14";
				CLANG_CXX_LIBRARY = "libc++";
				CLANG_ENABLE_MODULES = YES;
				CLANG_ENABLE_OBJC_ARC = YES;
				CLANG_WARN_BLOCK_CAPTURE_AUTORELEASING = YES;
				CLANG_WARN_BOOL_CONVERSION = YES;
				CLANG_WARN_COMMA = YES;
				CLANG_WARN_CONSTANT_CONVERSION = YES;
				CLANG_WARN_DIRECT_OBJC_ISA_USAGE = YES_ERROR;
				CLANG_WARN_DOCUMENTATION_COMMENTS = YES;
				CLANG_WARN_EMPTY_BODY = YES;
				CLANG_WARN_ENUM_CONVERSION = YES;
				CLANG_WARN_INFINITE_RECURSION = YES;
				CLANG_WARN_INT_CONVERSION = YES;
				CLANG_WARN_NON_LITERAL_NULL_CONVERSION = YES;
				CLANG_WARN_OBJC_LITERAL_CONVERSION = YES;
				CLANG_WARN_OBJC_ROOT_CLASS = YES_ERROR;
				CLANG_WARN_RANGE_LOOP_ANALYSIS = YES;
				CLANG_WARN_STRICT_PROTOTYPES = YES;
				CLANG_WARN_SUSPICIOUS_MOVE = YES;
				CLANG_WARN_UNGUARDED_AVAILABILITY = YES_AGGRESSIVE;
				CLANG_WARN_UNREACHABLE_CODE = YES;
				CLANG_WARN__DUPLICATE_METHOD_MATCH = YES;
				CODE_SIGN_IDENTITY = "iPhone Developer";
				COPY_PHASE_STRIP = NO;
				DEBUG_INFORMATION_FORMAT = dwarf;
				ENABLE_STRICT_OBJC_MSGSEND = YES;
				ENABLE_TESTABILITY = YES;
				GCC_C_LANGUAGE_STANDARD = gnu11;
				GCC_DYNAMIC_NO_PIC = NO;
				GCC_NO_COMMON_BLOCKS = YES;
				GCC_OPTIMIZATION_LEVEL = 0;
				GCC_PREPROCESSOR_DEFINITIONS = (
					"DEBUG=1",
					"$(inherited)",
				);
				GCC_WARN_64_TO_32_BIT_CONVERSION = YES;
				GCC_WARN_ABOUT_RETURN_TYPE = YES_ERROR;
				GCC_WARN_UNDECLARED_SELECTOR = YES;
				GCC_WARN_UNINITIALIZED_AUTOS = YES_AGGRESSIVE;
				GCC_WARN_UNUSED_FUNCTION = YES;
				GCC_WARN_UNUSED_VARIABLE = YES;
				IPHONEOS_DEPLOYMENT_TARGET = 11.2;
				MTL_ENABLE_DEBUG_INFO = YES;
				ONLY_ACTIVE_ARCH = YES;
				SDKROOT = iphoneos;
				SWIFT_ACTIVE_COMPILATION_CONDITIONS = DEBUG;
				SWIFT_OPTIMIZATION_LEVEL = "-Onone";
			};
			name = Debug;
		};
		0D79EB46200EC8B70046D8DD /* Release */ = {
			isa = XCBuildConfiguration;
			buildSettings = {
				ALWAYS_SEARCH_USER_PATHS = NO;
				CLANG_ANALYZER_NONNULL = YES;
				CLANG_ANALYZER_NUMBER_OBJECT_CONVERSION = YES_AGGRESSIVE;
				CLANG_CXX_LANGUAGE_STANDARD = "gnu++14";
				CLANG_CXX_LIBRARY = "libc++";
				CLANG_ENABLE_MODULES = YES;
				CLANG_ENABLE_OBJC_ARC = YES;
				CLANG_WARN_BLOCK_CAPTURE_AUTORELEASING = YES;
				CLANG_WARN_BOOL_CONVERSION = YES;
				CLANG_WARN_COMMA = YES;
				CLANG_WARN_CONSTANT_CONVERSION = YES;
				CLANG_WARN_DIRECT_OBJC_ISA_USAGE = YES_ERROR;
				CLANG_WARN_DOCUMENTATION_COMMENTS = YES;
				CLANG_WARN_EMPTY_BODY = YES;
				CLANG_WARN_ENUM_CONVERSION = YES;
				CLANG_WARN_INFINITE_RECURSION = YES;
				CLANG_WARN_INT_CONVERSION = YES;
				CLANG_WARN_NON_LITERAL_NULL_CONVERSION = YES;
				CLANG_WARN_OBJC_LITERAL_CONVERSION = YES;
				CLANG_WARN_OBJC_ROOT_CLASS = YES_ERROR;
				CLANG_WARN_RANGE_LOOP_ANALYSIS = YES;
				CLANG_WARN_STRICT_PROTOTYPES = YES;
				CLANG_WARN_SUSPICIOUS_MOVE = YES;
				CLANG_WARN_UNGUARDED_AVAILABILITY = YES_AGGRESSIVE;
				CLANG_WARN_UNREACHABLE_CODE = YES;
				CLANG_WARN__DUPLICATE_METHOD_MATCH = YES;
				CODE_SIGN_IDENTITY = "iPhone Developer";
				COPY_PHASE_STRIP = NO;
				DEBUG_INFORMATION_FORMAT = "dwarf-with-dsym";
				ENABLE_NS_ASSERTIONS = NO;
				ENABLE_STRICT_OBJC_MSGSEND = YES;
				GCC_C_LANGUAGE_STANDARD = gnu11;
				GCC_NO_COMMON_BLOCKS = YES;
				GCC_WARN_64_TO_32_BIT_CONVERSION = YES;
				GCC_WARN_ABOUT_RETURN_TYPE = YES_ERROR;
				GCC_WARN_UNDECLARED_SELECTOR = YES;
				GCC_WARN_UNINITIALIZED_AUTOS = YES_AGGRESSIVE;
				GCC_WARN_UNUSED_FUNCTION = YES;
				GCC_WARN_UNUSED_VARIABLE = YES;
				IPHONEOS_DEPLOYMENT_TARGET = 11.2;
				MTL_ENABLE_DEBUG_INFO = NO;
				SDKROOT = iphoneos;
				SWIFT_OPTIMIZATION_LEVEL = "-Owholemodule";
				VALIDATE_PRODUCT = YES;
			};
			name = Release;
		};
		0D79EB48200EC8B70046D8DD /* Debug */ = {
			isa = XCBuildConfiguration;
			buildSettings = {
				ASSETCATALOG_COMPILER_APPICON_NAME = AppIcon;
				CODE_SIGN_STYLE = Automatic;
				INFOPLIST_FILE = "Codepath project/Info.plist";
				LD_RUNPATH_SEARCH_PATHS = "$(inherited) @executable_path/Frameworks";
				PRODUCT_BUNDLE_IDENTIFIER = "KND.Codepath-project";
				PRODUCT_NAME = "$(TARGET_NAME)";
				SWIFT_VERSION = 4.0;
				TARGETED_DEVICE_FAMILY = "1,2";
			};
			name = Debug;
		};
		0D79EB49200EC8B70046D8DD /* Release */ = {
			isa = XCBuildConfiguration;
			buildSettings = {
				ASSETCATALOG_COMPILER_APPICON_NAME = AppIcon;
				CODE_SIGN_STYLE = Automatic;
				INFOPLIST_FILE = "Codepath project/Info.plist";
				LD_RUNPATH_SEARCH_PATHS = "$(inherited) @executable_path/Frameworks";
				PRODUCT_BUNDLE_IDENTIFIER = "KND.Codepath-project";
				PRODUCT_NAME = "$(TARGET_NAME)";
				SWIFT_VERSION = 4.0;
				TARGETED_DEVICE_FAMILY = "1,2";
			};
			name = Release;
		};
		0D79EB4B200EC8B70046D8DD /* Debug */ = {
			isa = XCBuildConfiguration;
			buildSettings = {
				ALWAYS_EMBED_SWIFT_STANDARD_LIBRARIES = YES;
				BUNDLE_LOADER = "$(TEST_HOST)";
				CODE_SIGN_STYLE = Automatic;
				INFOPLIST_FILE = "Codepath projectTests/Info.plist";
				LD_RUNPATH_SEARCH_PATHS = "$(inherited) @executable_path/Frameworks @loader_path/Frameworks";
				PRODUCT_BUNDLE_IDENTIFIER = "KND.Codepath-projectTests";
				PRODUCT_NAME = "$(TARGET_NAME)";
				SWIFT_VERSION = 4.0;
				TARGETED_DEVICE_FAMILY = "1,2";
				TEST_HOST = "$(BUILT_PRODUCTS_DIR)/Codepath project.app/Codepath project";
			};
			name = Debug;
		};
		0D79EB4C200EC8B70046D8DD /* Release */ = {
			isa = XCBuildConfiguration;
			buildSettings = {
				ALWAYS_EMBED_SWIFT_STANDARD_LIBRARIES = YES;
				BUNDLE_LOADER = "$(TEST_HOST)";
				CODE_SIGN_STYLE = Automatic;
				INFOPLIST_FILE = "Codepath projectTests/Info.plist";
				LD_RUNPATH_SEARCH_PATHS = "$(inherited) @executable_path/Frameworks @loader_path/Frameworks";
				PRODUCT_BUNDLE_IDENTIFIER = "KND.Codepath-projectTests";
				PRODUCT_NAME = "$(TARGET_NAME)";
				SWIFT_VERSION = 4.0;
				TARGETED_DEVICE_FAMILY = "1,2";
				TEST_HOST = "$(BUILT_PRODUCTS_DIR)/Codepath project.app/Codepath project";
			};
			name = Release;
		};
		0D79EB4E200EC8B70046D8DD /* Debug */ = {
			isa = XCBuildConfiguration;
			buildSettings = {
				ALWAYS_EMBED_SWIFT_STANDARD_LIBRARIES = YES;
				CODE_SIGN_STYLE = Automatic;
				INFOPLIST_FILE = "Codepath projectUITests/Info.plist";
				LD_RUNPATH_SEARCH_PATHS = "$(inherited) @executable_path/Frameworks @loader_path/Frameworks";
				PRODUCT_BUNDLE_IDENTIFIER = "KND.Codepath-projectUITests";
				PRODUCT_NAME = "$(TARGET_NAME)";
				SWIFT_VERSION = 4.0;
				TARGETED_DEVICE_FAMILY = "1,2";
				TEST_TARGET_NAME = "Codepath project";
			};
			name = Debug;
		};
		0D79EB4F200EC8B70046D8DD /* Release */ = {
			isa = XCBuildConfiguration;
			buildSettings = {
				ALWAYS_EMBED_SWIFT_STANDARD_LIBRARIES = YES;
				CODE_SIGN_STYLE = Automatic;
				INFOPLIST_FILE = "Codepath projectUITests/Info.plist";
				LD_RUNPATH_SEARCH_PATHS = "$(inherited) @executable_path/Frameworks @loader_path/Frameworks";
				PRODUCT_BUNDLE_IDENTIFIER = "KND.Codepath-projectUITests";
				PRODUCT_NAME = "$(TARGET_NAME)";
				SWIFT_VERSION = 4.0;
				TARGETED_DEVICE_FAMILY = "1,2";
				TEST_TARGET_NAME = "Codepath project";
			};
			name = Release;
		};
/* End XCBuildConfiguration section */

/* Begin XCConfigurationList section */
		0D79EB1A200EC8B60046D8DD /* Build configuration list for PBXProject "Codepath project" */ = {
			isa = XCConfigurationList;
			buildConfigurations = (
				0D79EB45200EC8B70046D8DD /* Debug */,
				0D79EB46200EC8B70046D8DD /* Release */,
			);
			defaultConfigurationIsVisible = 0;
			defaultConfigurationName = Release;
		};
		0D79EB47200EC8B70046D8DD /* Build configuration list for PBXNativeTarget "Codepath project" */ = {
			isa = XCConfigurationList;
			buildConfigurations = (
				0D79EB48200EC8B70046D8DD /* Debug */,
				0D79EB49200EC8B70046D8DD /* Release */,
			);
			defaultConfigurationIsVisible = 0;
			defaultConfigurationName = Release;
		};
		0D79EB4A200EC8B70046D8DD /* Build configuration list for PBXNativeTarget "Codepath projectTests" */ = {
			isa = XCConfigurationList;
			buildConfigurations = (
				0D79EB4B200EC8B70046D8DD /* Debug */,
				0D79EB4C200EC8B70046D8DD /* Release */,
			);
			defaultConfigurationIsVisible = 0;
			defaultConfigurationName = Release;
		};
		0D79EB4D200EC8B70046D8DD /* Build configuration list for PBXNativeTarget "Codepath projectUITests" */ = {
			isa = XCConfigurationList;
			buildConfigurations = (
				0D79EB4E200EC8B70046D8DD /* Debug */,
				0D79EB4F200EC8B70046D8DD /* Release */,
			);
			defaultConfigurationIsVisible = 0;
			defaultConfigurationName = Release;
		};
/* End XCConfigurationList section */
	};
	rootObject = 0D79EB17200EC8B60046D8DD /* Project object */;
}
